Microsoft Visual Studio Solution File, Format Version 12.00
# Visual Studio Version 17
VisualStudioVersion = 17.0.31912.275
MinimumVisualStudioVersion = 10.0.40219.1
Project("{FAE04EC0-301F-11D3-BF4B-00C04F79EFBC}") = "Logik.MultiAICoder.Engine", "Logik.MultiAICoder.Engine\Logik.MultiAICoder.Engine.csproj", "AD98984B-39C1-44BA-B3EB-23621B19C3DD"
EndProject
Project("{FAE04EC0-301F-11D3-BF4B-00C04F79EFBC}") = "Logik.MultiAiCoder.VS2022", "Logik.MultiAiCoder.VS2022\Logik.MultiAiCoder.VS2022.csproj", "A13EB853-1A21-4AB2-B566-6B373660458D"
EndProject
Global
GlobalSection(SolutionConfigurationPlatforms) = preSolution
Debug|Any CPU = Debug|Any CPU
Release|Any CPU = Release|Any CPU
EndGlobalSection
GlobalSection(ProjectConfigurationPlatforms) = postSolution
AD98984B-39C1-44BA-B3EB-23621B19C3DD.Debug|Any CPU.ActiveCfg = Debug|Any CPU
AD98984B-39C1-44BA-B3EB-23621B19C3DD.Debug|Any CPU.Build.0 = Debug|Any CPU
AD98984B-39C1-44BA-B3EB-23621B19C3DD.Release|Any CPU.ActiveCfg = Release|Any CPU
AD98984B-39C1-44BA-B3EB-23621B19C3DD.Release|Any CPU.Build.0 = Release|Any CPU
A13EB853-1A21-4AB2-B566-6B373660458D.Debug|Any CPU.ActiveCfg = Debug|Any CPU
A13EB853-1A21-4AB2-B566-6B373660458D.Debug|Any CPU.Build.0 = Debug|Any CPU
A13EB853-1A21-4AB2-B566-6B373660458D.Release|Any CPU.ActiveCfg = Release|Any CPU
A13EB853-1A21-4AB2-B566-6B373660458D.Release|Any CPU.Build.0 = Release|Any CPU
EndGlobalSection
EndGlobal
