Microsoft Visual Studio Solution File, Format Version 12.00
# Visual Studio Version 17
VisualStudioVersion = 17.0.31912.275
MinimumVisualStudioVersion = 10.0.40219.1
Project("{FAE04EC0-301F-11D3-BF4B-00C04F79EFBC}") = "Logik.MultiAiCoder.Engine", "Logik.MultiAICoder.Engine\Logik.MultiAiCoder.Engine.csproj", "{AD98984B-39C1-44BA-B3EB-23621B19C3DD}"
EndProject
Project("{FAE04EC0-301F-11D3-BF4B-00C04F79EFBC}") = "Logik.MultiAiCoder.VS2022", "Logik.MultiAiCoder.VS2022\Logik.MultiAiCoder.VS2022.csproj", "{A13EB853-1A21-4AB2-B566-6B373660458D}"
EndProject
Project("{FAE04EC0-301F-11D3-BF4B-00C04F79EFBC}") = "Logik.MultiAiCoder.VS.UI", "Logik.MultiAiCoder.VS.UI\Logik.MultiAiCoder.VS.UI.csproj", "{8AFCF238-BA5E-4662-8AC3-FB2D9355CDF4}"
EndProject
Global
	GlobalSection(SolutionConfigurationPlatforms) = preSolution
		Debug|Any CPU = Debug|Any CPU
		Release|Any CPU = Release|Any CPU
	EndGlobalSection
	GlobalSection(ProjectConfigurationPlatforms) = postSolution
		{AD98984B-39C1-44BA-B3EB-23621B19C3DD}.Debug|Any CPU.ActiveCfg = Debug|Any CPU
		{AD98984B-39C1-44BA-B3EB-23621B19C3DD}.Debug|Any CPU.Build.0 = Debug|Any CPU
		{AD98984B-39C1-44BA-B3EB-23621B19C3DD}.Release|Any CPU.ActiveCfg = Release|Any CPU
		{AD98984B-39C1-44BA-B3EB-23621B19C3DD}.Release|Any CPU.Build.0 = Release|Any CPU
		{A13EB853-1A21-4AB2-B566-6B373660458D}.Debug|Any CPU.ActiveCfg = Debug|Any CPU
		{A13EB853-1A21-4AB2-B566-6B373660458D}.Debug|Any CPU.Build.0 = Debug|Any CPU
		{A13EB853-1A21-4AB2-B566-6B373660458D}.Release|Any CPU.ActiveCfg = Release|Any CPU
		{A13EB853-1A21-4AB2-B566-6B373660458D}.Release|Any CPU.Build.0 = Release|Any CPU
		{8AFCF238-BA5E-4662-8AC3-FB2D9355CDF4}.Debug|Any CPU.ActiveCfg = Debug|Any CPU
		{8AFCF238-BA5E-4662-8AC3-FB2D9355CDF4}.Debug|Any CPU.Build.0 = Debug|Any CPU
		{8AFCF238-BA5E-4662-8AC3-FB2D9355CDF4}.Release|Any CPU.ActiveCfg = Release|Any CPU
		{8AFCF238-BA5E-4662-8AC3-FB2D9355CDF4}.Release|Any CPU.Build.0 = Release|Any CPU
	EndGlobalSection
	GlobalSection(SolutionProperties) = preSolution
		HideSolutionNode = FALSE
	EndGlobalSection
	GlobalSection(ExtensibilityGlobals) = postSolution
		SolutionGuid = {48F251BE-F4FB-4A6D-A641-ED2E6418F0D0}
	EndGlobalSection
EndGlobal
